
Microsoft Visual Studio Solution File, Format Version 12.00
# Visual Studio Version 17
VisualStudioVersion = 17.2.32516.85
MinimumVisualStudioVersion = 10.0.40219.1
Project("{FAE04EC0-301F-11D3-BF4B-00C04F79EFBC}") = "Metalama.Community.Virtuosity.TestApp", "Metalama.Community.Virtuosity.TestApp\Metalama.Community.Virtuosity.TestApp.csproj", "{D5D0BEC2-60ED-4FB2-BD2A-49C194F6957B}"
EndProject
Project("{FAE04EC0-301F-11D3-BF4B-00C04F79EFBC}") = "Metalama.Community.Virtuosity.TestRunner", "Metalama.Community.Virtuosity.TestRunner\Metalama.Community.Virtuosity.TestRunner.csproj", "{D2BD46BA-9EB3-4431-A964-1706373440C8}"
EndProject
Global
	GlobalSection(SolutionConfigurationPlatforms) = preSolution
		Debug|Any CPU = Debug|Any CPU
		Release|Any CPU = Release|Any CPU
	EndGlobalSection
	GlobalSection(ProjectConfigurationPlatforms) = postSolution
		{D5D0BEC2-60ED-4FB2-BD2A-49C194F6957B}.Debug|Any CPU.ActiveCfg = Debug|Any CPU
		{D5D0BEC2-60ED-4FB2-BD2A-49C194F6957B}.Debug|Any CPU.Build.0 = Debug|Any CPU
		{D5D0BEC2-60ED-4FB2-BD2A-49C194F6957B}.Release|Any CPU.ActiveCfg = Release|Any CPU
		{D5D0BEC2-60ED-4FB2-BD2A-49C194F6957B}.Release|Any CPU.Build.0 = Release|Any CPU
		{D2BD46BA-9EB3-4431-A964-1706373440C8}.Debug|Any CPU.ActiveCfg = Debug|Any CPU
		{D2BD46BA-9EB3-4431-A964-1706373440C8}.Debug|Any CPU.Build.0 = Debug|Any CPU
		{D2BD46BA-9EB3-4431-A964-1706373440C8}.Release|Any CPU.ActiveCfg = Release|Any CPU
		{D2BD46BA-9EB3-4431-A964-1706373440C8}.Release|Any CPU.Build.0 = Release|Any CPU
	EndGlobalSection
	GlobalSection(SolutionProperties) = preSolution
		HideSolutionNode = FALSE
	EndGlobalSection
	GlobalSection(ExtensibilityGlobals) = postSolution
		SolutionGuid = {3D4AE3C9-2D21-41DC-AF06-2BF5F4DB4121}
	EndGlobalSection
EndGlobal
