
Microsoft Visual Studio Solution File, Format Version 12.00
# Visual Studio Version 17
VisualStudioVersion = 17.4.33103.184
MinimumVisualStudioVersion = 10.0.40219.1
Project("{2150E333-8FDC-42A3-9474-1A3956D46DE8}") = "Metalama.Open.AutoCancellationToken", "Metalama.Open.AutoCancellationToken", "{96EE3146-2058-4CFC-8994-57CA1C38728F}"
EndProject
Project("{2150E333-8FDC-42A3-9474-1A3956D46DE8}") = "Metalama.Open.Costura", "Metalama.Open.Costura", "{1F055572-A1A5-4004-9BA5-4182BD32B916}"
EndProject
Project("{2150E333-8FDC-42A3-9474-1A3956D46DE8}") = "Metalama.Open.Virtuosity", "Metalama.Open.Virtuosity", "{06618868-B7D1-432C-A6DB-51C68B522479}"
EndProject
Project("{9A19103F-16F7-4668-BE54-9A1E7A4F7556}") = "Metalama.Open.AutoCancellationToken", "src\Metalama.Open.AutoCancellationToken\Metalama.Open.AutoCancellationToken\Metalama.Open.AutoCancellationToken.csproj", "{CD2992C4-2571-4059-B19C-7842B04371A5}"
EndProject
Project("{9A19103F-16F7-4668-BE54-9A1E7A4F7556}") = "Metalama.Open.AutoCancellationToken.TestApp", "src\Metalama.Open.AutoCancellationToken\Metalama.Open.AutoCancellationToken.TestApp\Metalama.Open.AutoCancellationToken.TestApp.csproj", "{B9DCB45D-5A34-4022-9C6A-11C6A77AFF07}"
EndProject
Project("{9A19103F-16F7-4668-BE54-9A1E7A4F7556}") = "Metalama.Open.AutoCancellationToken.UnitTests", "src\Metalama.Open.AutoCancellationToken\Metalama.Open.AutoCancellationToken.UnitTests\Metalama.Open.AutoCancellationToken.UnitTests.csproj", "{3D16CBC8-5309-49D1-BEA6-B4BC4A4E833F}"
EndProject
Project("{9A19103F-16F7-4668-BE54-9A1E7A4F7556}") = "Metalama.Open.AutoCancellationToken.Weaver", "src\Metalama.Open.AutoCancellationToken\Metalama.Open.AutoCancellationToken.Weaver\Metalama.Open.AutoCancellationToken.Weaver.csproj", "{1461F15C-0C70-45EB-90DF-0DEF741A5168}"
EndProject
Project("{9A19103F-16F7-4668-BE54-9A1E7A4F7556}") = "Metalama.Open.Costura", "src\Metalama.Open.Costura\Metalama.Open.Costura\Metalama.Open.Costura.csproj", "{10BD5FAE-A34F-405E-9D7B-2DF4BFFDD872}"
EndProject
Project("{9A19103F-16F7-4668-BE54-9A1E7A4F7556}") = "Metalama.Open.Costura.TestApp", "src\Metalama.Open.Costura\Metalama.Open.Costura.TestApp\Metalama.Open.Costura.TestApp.csproj", "{92CA657F-EF53-4ACA-A1AC-B421619CA136}"
EndProject
Project("{9A19103F-16F7-4668-BE54-9A1E7A4F7556}") = "Metalama.Open.Costura.Tests", "src\Metalama.Open.Costura\Metalama.Open.Costura.Tests\Metalama.Open.Costura.Tests.csproj", "{37C19557-78C7-4AD8-A584-180413D26FA0}"
EndProject
Project("{9A19103F-16F7-4668-BE54-9A1E7A4F7556}") = "Metalama.Open.Costura.Weaver", "src\Metalama.Open.Costura\Metalama.Open.Costura.Weaver\Metalama.Open.Costura.Weaver.csproj", "{ADA404B0-22C3-4547-80C2-55654290D8D4}"
EndProject
Project("{9A19103F-16F7-4668-BE54-9A1E7A4F7556}") = "Metalama.Open.Costura.WpfApp", "src\Metalama.Open.Costura\Metalama.Open.Costura.WpfApp\Metalama.Open.Costura.WpfApp.csproj", "{33854C18-CE6A-4353-8D04-F02FAB517878}"
EndProject
Project("{9A19103F-16F7-4668-BE54-9A1E7A4F7556}") = "Metalama.Open.Virtuosity", "src\Metalama.Open.Virtuosity\Metalama.Open.Virtuosity\Metalama.Open.Virtuosity.csproj", "{4ED6BE2C-AF70-4FDE-95C8-77D666E227BF}"
EndProject
Project("{9A19103F-16F7-4668-BE54-9A1E7A4F7556}") = "Metalama.Open.Virtuosity.Demo", "src\Metalama.Open.Virtuosity\Metalama.Open.Virtuosity.Demo\Metalama.Open.Virtuosity.Demo.csproj", "{3ED44E31-6ED5-4AF8-98CF-572AFD0091B7}"
EndProject
Project("{9A19103F-16F7-4668-BE54-9A1E7A4F7556}") = "Metalama.Open.Virtuosity.UnitTests", "src\Metalama.Open.Virtuosity\Metalama.Open.Virtuosity.UnitTests\Metalama.Open.Virtuosity.UnitTests.csproj", "{F71CBC7E-C5F8-4B21-8EF5-4A7A70CEEB0D}"
EndProject
Project("{2150E333-8FDC-42A3-9474-1A3956D46DE8}") = "Tests", "Tests", "{890F145E-5345-41E3-A381-406DE496693A}"
EndProject
Project("{9A19103F-16F7-4668-BE54-9A1E7A4F7556}") = "Metalama.Open.Virtuosity.TestApp", "src\Metalama.Open.Virtuosity\Metalama.Open.Virtuosity.TestApp\Metalama.Open.Virtuosity.TestApp\Metalama.Open.Virtuosity.TestApp.csproj", "{FF4D6A4A-051B-41D9-8A9F-6E549550D6FC}"
EndProject
Project("{9A19103F-16F7-4668-BE54-9A1E7A4F7556}") = "Metalama.Open.Virtuosity.TestRunner", "src\Metalama.Open.Virtuosity\Metalama.Open.Virtuosity.TestApp\Metalama.Open.Virtuosity.TestRunner\Metalama.Open.Virtuosity.TestRunner.csproj", "{5EC37989-1BF4-479F-97AA-6D600558496C}"
EndProject
Project("{9A19103F-16F7-4668-BE54-9A1E7A4F7556}") = "Metalama.Open.Virtuosity.Weaver", "src\Metalama.Open.Virtuosity\Metalama.Open.Virtuosity.Weaver\Metalama.Open.Virtuosity.Weaver.csproj", "{0E06FE66-DF44-4604-B8A6-2FD84D9A393F}"
EndProject
Global
	GlobalSection(SolutionConfigurationPlatforms) = preSolution
		Debug|Any CPU = Debug|Any CPU
		LamaDebug|Any CPU = LamaDebug|Any CPU
		Release|Any CPU = Release|Any CPU
	EndGlobalSection
	GlobalSection(ProjectConfigurationPlatforms) = postSolution
		{CD2992C4-2571-4059-B19C-7842B04371A5}.Debug|Any CPU.ActiveCfg = Debug|Any CPU
		{CD2992C4-2571-4059-B19C-7842B04371A5}.Debug|Any CPU.Build.0 = Debug|Any CPU
		{CD2992C4-2571-4059-B19C-7842B04371A5}.LamaDebug|Any CPU.ActiveCfg = LamaDebug|Any CPU
		{CD2992C4-2571-4059-B19C-7842B04371A5}.LamaDebug|Any CPU.Build.0 = LamaDebug|Any CPU
		{CD2992C4-2571-4059-B19C-7842B04371A5}.Release|Any CPU.ActiveCfg = Release|Any CPU
		{CD2992C4-2571-4059-B19C-7842B04371A5}.Release|Any CPU.Build.0 = Release|Any CPU
		{B9DCB45D-5A34-4022-9C6A-11C6A77AFF07}.Debug|Any CPU.ActiveCfg = Debug|Any CPU
		{B9DCB45D-5A34-4022-9C6A-11C6A77AFF07}.Debug|Any CPU.Build.0 = Debug|Any CPU
		{B9DCB45D-5A34-4022-9C6A-11C6A77AFF07}.LamaDebug|Any CPU.ActiveCfg = Debug|Any CPU
		{B9DCB45D-5A34-4022-9C6A-11C6A77AFF07}.LamaDebug|Any CPU.Build.0 = Debug|Any CPU
		{B9DCB45D-5A34-4022-9C6A-11C6A77AFF07}.Release|Any CPU.ActiveCfg = Release|Any CPU
		{B9DCB45D-5A34-4022-9C6A-11C6A77AFF07}.Release|Any CPU.Build.0 = Release|Any CPU
		{3D16CBC8-5309-49D1-BEA6-B4BC4A4E833F}.Debug|Any CPU.ActiveCfg = Debug|Any CPU
		{3D16CBC8-5309-49D1-BEA6-B4BC4A4E833F}.Debug|Any CPU.Build.0 = Debug|Any CPU
		{3D16CBC8-5309-49D1-BEA6-B4BC4A4E833F}.LamaDebug|Any CPU.ActiveCfg = Debug|Any CPU
		{3D16CBC8-5309-49D1-BEA6-B4BC4A4E833F}.LamaDebug|Any CPU.Build.0 = Debug|Any CPU
		{3D16CBC8-5309-49D1-BEA6-B4BC4A4E833F}.Release|Any CPU.ActiveCfg = Release|Any CPU
		{3D16CBC8-5309-49D1-BEA6-B4BC4A4E833F}.Release|Any CPU.Build.0 = Release|Any CPU
		{1461F15C-0C70-45EB-90DF-0DEF741A5168}.Debug|Any CPU.ActiveCfg = Debug|Any CPU
		{1461F15C-0C70-45EB-90DF-0DEF741A5168}.Debug|Any CPU.Build.0 = Debug|Any CPU
		{1461F15C-0C70-45EB-90DF-0DEF741A5168}.LamaDebug|Any CPU.ActiveCfg = LamaDebug|Any CPU
		{1461F15C-0C70-45EB-90DF-0DEF741A5168}.LamaDebug|Any CPU.Build.0 = LamaDebug|Any CPU
		{1461F15C-0C70-45EB-90DF-0DEF741A5168}.Release|Any CPU.ActiveCfg = Release|Any CPU
		{1461F15C-0C70-45EB-90DF-0DEF741A5168}.Release|Any CPU.Build.0 = Release|Any CPU
		{10BD5FAE-A34F-405E-9D7B-2DF4BFFDD872}.Debug|Any CPU.ActiveCfg = Debug|Any CPU
		{10BD5FAE-A34F-405E-9D7B-2DF4BFFDD872}.Debug|Any CPU.Build.0 = Debug|Any CPU
		{10BD5FAE-A34F-405E-9D7B-2DF4BFFDD872}.LamaDebug|Any CPU.ActiveCfg = Debug|Any CPU
		{10BD5FAE-A34F-405E-9D7B-2DF4BFFDD872}.LamaDebug|Any CPU.Build.0 = Debug|Any CPU
		{10BD5FAE-A34F-405E-9D7B-2DF4BFFDD872}.Release|Any CPU.ActiveCfg = Release|Any CPU
		{10BD5FAE-A34F-405E-9D7B-2DF4BFFDD872}.Release|Any CPU.Build.0 = Release|Any CPU
		{92CA657F-EF53-4ACA-A1AC-B421619CA136}.Debug|Any CPU.ActiveCfg = Debug|Any CPU
		{92CA657F-EF53-4ACA-A1AC-B421619CA136}.Debug|Any CPU.Build.0 = Debug|Any CPU
		{92CA657F-EF53-4ACA-A1AC-B421619CA136}.LamaDebug|Any CPU.ActiveCfg = LamaDebug|Any CPU
		{92CA657F-EF53-4ACA-A1AC-B421619CA136}.LamaDebug|Any CPU.Build.0 = LamaDebug|Any CPU
		{92CA657F-EF53-4ACA-A1AC-B421619CA136}.Release|Any CPU.ActiveCfg = Release|Any CPU
		{92CA657F-EF53-4ACA-A1AC-B421619CA136}.Release|Any CPU.Build.0 = Release|Any CPU
		{37C19557-78C7-4AD8-A584-180413D26FA0}.Debug|Any CPU.ActiveCfg = Debug|Any CPU
		{37C19557-78C7-4AD8-A584-180413D26FA0}.Debug|Any CPU.Build.0 = Debug|Any CPU
		{37C19557-78C7-4AD8-A584-180413D26FA0}.LamaDebug|Any CPU.ActiveCfg = Debug|Any CPU
		{37C19557-78C7-4AD8-A584-180413D26FA0}.LamaDebug|Any CPU.Build.0 = Debug|Any CPU
		{37C19557-78C7-4AD8-A584-180413D26FA0}.Release|Any CPU.ActiveCfg = Release|Any CPU
		{37C19557-78C7-4AD8-A584-180413D26FA0}.Release|Any CPU.Build.0 = Release|Any CPU
		{ADA404B0-22C3-4547-80C2-55654290D8D4}.Debug|Any CPU.ActiveCfg = Debug|Any CPU
		{ADA404B0-22C3-4547-80C2-55654290D8D4}.Debug|Any CPU.Build.0 = Debug|Any CPU
		{ADA404B0-22C3-4547-80C2-55654290D8D4}.LamaDebug|Any CPU.ActiveCfg = Debug|Any CPU
		{ADA404B0-22C3-4547-80C2-55654290D8D4}.LamaDebug|Any CPU.Build.0 = Debug|Any CPU
		{ADA404B0-22C3-4547-80C2-55654290D8D4}.Release|Any CPU.ActiveCfg = Release|Any CPU
		{ADA404B0-22C3-4547-80C2-55654290D8D4}.Release|Any CPU.Build.0 = Release|Any CPU
		{33854C18-CE6A-4353-8D04-F02FAB517878}.Debug|Any CPU.ActiveCfg = Debug|Any CPU
		{33854C18-CE6A-4353-8D04-F02FAB517878}.Debug|Any CPU.Build.0 = Debug|Any CPU
		{33854C18-CE6A-4353-8D04-F02FAB517878}.LamaDebug|Any CPU.ActiveCfg = LamaDebug|Any CPU
		{33854C18-CE6A-4353-8D04-F02FAB517878}.LamaDebug|Any CPU.Build.0 = LamaDebug|Any CPU
		{33854C18-CE6A-4353-8D04-F02FAB517878}.Release|Any CPU.ActiveCfg = Release|Any CPU
		{33854C18-CE6A-4353-8D04-F02FAB517878}.Release|Any CPU.Build.0 = Release|Any CPU
		{4ED6BE2C-AF70-4FDE-95C8-77D666E227BF}.Debug|Any CPU.ActiveCfg = Debug|Any CPU
		{4ED6BE2C-AF70-4FDE-95C8-77D666E227BF}.Debug|Any CPU.Build.0 = Debug|Any CPU
		{4ED6BE2C-AF70-4FDE-95C8-77D666E227BF}.LamaDebug|Any CPU.ActiveCfg = Debug|Any CPU
		{4ED6BE2C-AF70-4FDE-95C8-77D666E227BF}.LamaDebug|Any CPU.Build.0 = Debug|Any CPU
		{4ED6BE2C-AF70-4FDE-95C8-77D666E227BF}.Release|Any CPU.ActiveCfg = Release|Any CPU
		{4ED6BE2C-AF70-4FDE-95C8-77D666E227BF}.Release|Any CPU.Build.0 = Release|Any CPU
		{3ED44E31-6ED5-4AF8-98CF-572AFD0091B7}.Debug|Any CPU.ActiveCfg = Debug|Any CPU
		{3ED44E31-6ED5-4AF8-98CF-572AFD0091B7}.Debug|Any CPU.Build.0 = Debug|Any CPU
		{3ED44E31-6ED5-4AF8-98CF-572AFD0091B7}.LamaDebug|Any CPU.ActiveCfg = Debug|Any CPU
		{3ED44E31-6ED5-4AF8-98CF-572AFD0091B7}.LamaDebug|Any CPU.Build.0 = Debug|Any CPU
		{3ED44E31-6ED5-4AF8-98CF-572AFD0091B7}.Release|Any CPU.ActiveCfg = Release|Any CPU
		{3ED44E31-6ED5-4AF8-98CF-572AFD0091B7}.Release|Any CPU.Build.0 = Release|Any CPU
		{F71CBC7E-C5F8-4B21-8EF5-4A7A70CEEB0D}.Debug|Any CPU.ActiveCfg = Debug|Any CPU
		{F71CBC7E-C5F8-4B21-8EF5-4A7A70CEEB0D}.Debug|Any CPU.Build.0 = Debug|Any CPU
		{F71CBC7E-C5F8-4B21-8EF5-4A7A70CEEB0D}.LamaDebug|Any CPU.ActiveCfg = Debug|Any CPU
		{F71CBC7E-C5F8-4B21-8EF5-4A7A70CEEB0D}.LamaDebug|Any CPU.Build.0 = Debug|Any CPU
		{F71CBC7E-C5F8-4B21-8EF5-4A7A70CEEB0D}.Release|Any CPU.ActiveCfg = Release|Any CPU
		{F71CBC7E-C5F8-4B21-8EF5-4A7A70CEEB0D}.Release|Any CPU.Build.0 = Release|Any CPU
		{FF4D6A4A-051B-41D9-8A9F-6E549550D6FC}.Debug|Any CPU.ActiveCfg = Debug|Any CPU
		{FF4D6A4A-051B-41D9-8A9F-6E549550D6FC}.Debug|Any CPU.Build.0 = Debug|Any CPU
		{FF4D6A4A-051B-41D9-8A9F-6E549550D6FC}.LamaDebug|Any CPU.ActiveCfg = Debug|Any CPU
		{FF4D6A4A-051B-41D9-8A9F-6E549550D6FC}.LamaDebug|Any CPU.Build.0 = Debug|Any CPU
		{FF4D6A4A-051B-41D9-8A9F-6E549550D6FC}.Release|Any CPU.ActiveCfg = Release|Any CPU
		{FF4D6A4A-051B-41D9-8A9F-6E549550D6FC}.Release|Any CPU.Build.0 = Release|Any CPU
		{5EC37989-1BF4-479F-97AA-6D600558496C}.Debug|Any CPU.ActiveCfg = Debug|Any CPU
		{5EC37989-1BF4-479F-97AA-6D600558496C}.Debug|Any CPU.Build.0 = Debug|Any CPU
		{5EC37989-1BF4-479F-97AA-6D600558496C}.LamaDebug|Any CPU.ActiveCfg = Debug|Any CPU
		{5EC37989-1BF4-479F-97AA-6D600558496C}.LamaDebug|Any CPU.Build.0 = Debug|Any CPU
		{5EC37989-1BF4-479F-97AA-6D600558496C}.Release|Any CPU.ActiveCfg = Release|Any CPU
		{5EC37989-1BF4-479F-97AA-6D600558496C}.Release|Any CPU.Build.0 = Release|Any CPU
		{0E06FE66-DF44-4604-B8A6-2FD84D9A393F}.Debug|Any CPU.ActiveCfg = Debug|Any CPU
		{0E06FE66-DF44-4604-B8A6-2FD84D9A393F}.Debug|Any CPU.Build.0 = Debug|Any CPU
		{0E06FE66-DF44-4604-B8A6-2FD84D9A393F}.LamaDebug|Any CPU.ActiveCfg = Debug|Any CPU
		{0E06FE66-DF44-4604-B8A6-2FD84D9A393F}.LamaDebug|Any CPU.Build.0 = Debug|Any CPU
		{0E06FE66-DF44-4604-B8A6-2FD84D9A393F}.Release|Any CPU.ActiveCfg = Release|Any CPU
		{0E06FE66-DF44-4604-B8A6-2FD84D9A393F}.Release|Any CPU.Build.0 = Release|Any CPU
	EndGlobalSection
	GlobalSection(SolutionProperties) = preSolution
		HideSolutionNode = FALSE
	EndGlobalSection
	GlobalSection(NestedProjects) = preSolution
		{CD2992C4-2571-4059-B19C-7842B04371A5} = {96EE3146-2058-4CFC-8994-57CA1C38728F}
		{B9DCB45D-5A34-4022-9C6A-11C6A77AFF07} = {96EE3146-2058-4CFC-8994-57CA1C38728F}
		{3D16CBC8-5309-49D1-BEA6-B4BC4A4E833F} = {96EE3146-2058-4CFC-8994-57CA1C38728F}
		{1461F15C-0C70-45EB-90DF-0DEF741A5168} = {96EE3146-2058-4CFC-8994-57CA1C38728F}
		{10BD5FAE-A34F-405E-9D7B-2DF4BFFDD872} = {1F055572-A1A5-4004-9BA5-4182BD32B916}
		{92CA657F-EF53-4ACA-A1AC-B421619CA136} = {1F055572-A1A5-4004-9BA5-4182BD32B916}
		{37C19557-78C7-4AD8-A584-180413D26FA0} = {1F055572-A1A5-4004-9BA5-4182BD32B916}
		{ADA404B0-22C3-4547-80C2-55654290D8D4} = {1F055572-A1A5-4004-9BA5-4182BD32B916}
		{33854C18-CE6A-4353-8D04-F02FAB517878} = {1F055572-A1A5-4004-9BA5-4182BD32B916}
		{4ED6BE2C-AF70-4FDE-95C8-77D666E227BF} = {06618868-B7D1-432C-A6DB-51C68B522479}
		{3ED44E31-6ED5-4AF8-98CF-572AFD0091B7} = {06618868-B7D1-432C-A6DB-51C68B522479}
		{F71CBC7E-C5F8-4B21-8EF5-4A7A70CEEB0D} = {06618868-B7D1-432C-A6DB-51C68B522479}
		{890F145E-5345-41E3-A381-406DE496693A} = {06618868-B7D1-432C-A6DB-51C68B522479}
		{FF4D6A4A-051B-41D9-8A9F-6E549550D6FC} = {890F145E-5345-41E3-A381-406DE496693A}
		{5EC37989-1BF4-479F-97AA-6D600558496C} = {890F145E-5345-41E3-A381-406DE496693A}
		{0E06FE66-DF44-4604-B8A6-2FD84D9A393F} = {06618868-B7D1-432C-A6DB-51C68B522479}
	EndGlobalSection
	GlobalSection(ExtensibilityGlobals) = postSolution
		SolutionGuid = {BE08B6D3-0B12-42E9-B375-8295E0E3301C}
	EndGlobalSection
EndGlobal
